
Microsoft Visual Studio Solution File, Format Version 12.00
# Visual Studio Version 16
VisualStudioVersion = 16.0.31729.503
MinimumVisualStudioVersion = 10.0.40219.1
Project("{FAE04EC0-301F-11D3-BF4B-00C04F79EFBC}") = "WebAPI", "WebAPI\WebAPI.csproj", "{641FC4D0-30B7-4616-9AED-C88FEAAB6A94}"
EndProject
Global
	GlobalSection(SolutionConfigurationPlatforms) = preSolution
		Debug|Any CPU = Debug|Any CPU
		Release|Any CPU = Release|Any CPU
	EndGlobalSection
	GlobalSection(ProjectConfigurationPlatforms) = postSolution
		{641FC4D0-30B7-4616-9AED-C88FEAAB6A94}.Debug|Any CPU.ActiveCfg = Debug|Any CPU
		{641FC4D0-30B7-4616-9AED-C88FEAAB6A94}.Debug|Any CPU.Build.0 = Debug|Any CPU
		{641FC4D0-30B7-4616-9AED-C88FEAAB6A94}.Release|Any CPU.ActiveCfg = Release|Any CPU
		{641FC4D0-30B7-4616-9AED-C88FEAAB6A94}.Release|Any CPU.Build.0 = Release|Any CPU
	EndGlobalSection
	GlobalSection(SolutionProperties) = preSolution
		HideSolutionNode = FALSE
	EndGlobalSection
	GlobalSection(ExtensibilityGlobals) = postSolution
		SolutionGuid = {B618E054-A14A-4F7A-8869-294AFCE0278E}
	EndGlobalSection
EndGlobal
